Microsoft Visual Studio Solution File, Format Version 10.00
# Visual Web Developer Express 2008
Project("{FAE04EC0-301F-11D3-BF4B-00C04F79EFBC}") = "MBlog.Tests", "UnitTests\MBlog.Tests.csproj", "{97312AB7-97D7-49DC-BA80-5D5AE9C32564}"
EndProject
Project("{FAE04EC0-301F-11D3-BF4B-00C04F79EFBC}") = "MBlog.Web", "Web\MBlog.Web.csproj", "{65A31E28-A739-46BE-9BA9-773C2825FFB0}"
EndProject
Project("{FAE04EC0-301F-11D3-BF4B-00C04F79EFBC}") = "MBlog.IntegrationTests", "IntegrationTests\MBlog.IntegrationTests.csproj", "{FB3E5721-C047-4112-9404-68284FD91B28}"
EndProject
Project("{FAE04EC0-301F-11D3-BF4B-00C04F79EFBC}") = "MBlog.Core", "MBlog.Core\MBlog.Core.csproj", "{5EA25647-A66F-4E38-A1FC-274463EB65C7}"
EndProject
Global
	GlobalSection(SolutionConfigurationPlatforms) = preSolution
		Debug|Any CPU = Debug|Any CPU
		Release|Any CPU = Release|Any CPU
	EndGlobalSection
	GlobalSection(ProjectConfigurationPlatforms) = postSolution
		{97312AB7-97D7-49DC-BA80-5D5AE9C32564}.Debug|Any CPU.ActiveCfg = Debug|Any CPU
		{97312AB7-97D7-49DC-BA80-5D5AE9C32564}.Debug|Any CPU.Build.0 = Debug|Any CPU
		{97312AB7-97D7-49DC-BA80-5D5AE9C32564}.Release|Any CPU.ActiveCfg = Release|Any CPU
		{97312AB7-97D7-49DC-BA80-5D5AE9C32564}.Release|Any CPU.Build.0 = Release|Any CPU
		{65A31E28-A739-46BE-9BA9-773C2825FFB0}.Debug|Any CPU.ActiveCfg = Debug|Any CPU
		{65A31E28-A739-46BE-9BA9-773C2825FFB0}.Debug|Any CPU.Build.0 = Debug|Any CPU
		{65A31E28-A739-46BE-9BA9-773C2825FFB0}.Release|Any CPU.ActiveCfg = Release|Any CPU
		{65A31E28-A739-46BE-9BA9-773C2825FFB0}.Release|Any CPU.Build.0 = Release|Any CPU
		{FB3E5721-C047-4112-9404-68284FD91B28}.Debug|Any CPU.ActiveCfg = Debug|Any CPU
		{FB3E5721-C047-4112-9404-68284FD91B28}.Debug|Any CPU.Build.0 = Debug|Any CPU
		{FB3E5721-C047-4112-9404-68284FD91B28}.Release|Any CPU.ActiveCfg = Release|Any CPU
		{FB3E5721-C047-4112-9404-68284FD91B28}.Release|Any CPU.Build.0 = Release|Any CPU
		{5EA25647-A66F-4E38-A1FC-274463EB65C7}.Debug|Any CPU.ActiveCfg = Debug|Any CPU
		{5EA25647-A66F-4E38-A1FC-274463EB65C7}.Debug|Any CPU.Build.0 = Debug|Any CPU
		{5EA25647-A66F-4E38-A1FC-274463EB65C7}.Release|Any CPU.ActiveCfg = Release|Any CPU
		{5EA25647-A66F-4E38-A1FC-274463EB65C7}.Release|Any CPU.Build.0 = Release|Any CPU
	EndGlobalSection
	GlobalSection(SolutionProperties) = preSolution
		HideSolutionNode = FALSE
	EndGlobalSection
EndGlobal
